
Microsoft Visual Studio Solution File, Format Version 12.00
# Visual Studio 2012
Project("{D954291E-2A0B-460D-934E-DC6B0785DB48}") = "HolaXamarin", "HolaXamarin\HolaXamarin.shproj", "{8FFF1809-5914-4FDD-844E-2A59475DB0FF}"
EndProject
Project("{FAE04EC0-301F-11D3-BF4B-00C04F79EFBC}") = "HolaXamarin.Droid", "Droid\HolaXamarin.Droid.csproj", "{7334D07A-F457-474A-8161-C147D67A4AC3}"
EndProject
Project("{FAE04EC0-301F-11D3-BF4B-00C04F79EFBC}") = "HolaXamarin.UITests", "UITests\HolaXamarin.UITests.csproj", "{37808A78-E3F5-49B0-B8CD-47661C838BFF}"
EndProject
Global
	GlobalSection(SolutionConfigurationPlatforms) = preSolution
		Debug|Any CPU = Debug|Any CPU
		Release|Any CPU = Release|Any CPU
	EndGlobalSection
	GlobalSection(ProjectConfigurationPlatforms) = postSolution
		{37808A78-E3F5-49B0-B8CD-47661C838BFF}.Debug|Any CPU.ActiveCfg = Debug|Any CPU
		{37808A78-E3F5-49B0-B8CD-47661C838BFF}.Debug|Any CPU.Build.0 = Debug|Any CPU
		{37808A78-E3F5-49B0-B8CD-47661C838BFF}.Release|Any CPU.ActiveCfg = Release|Any CPU
		{37808A78-E3F5-49B0-B8CD-47661C838BFF}.Release|Any CPU.Build.0 = Release|Any CPU
		{7334D07A-F457-474A-8161-C147D67A4AC3}.Debug|Any CPU.ActiveCfg = Debug|Any CPU
		{7334D07A-F457-474A-8161-C147D67A4AC3}.Debug|Any CPU.Build.0 = Debug|Any CPU
		{7334D07A-F457-474A-8161-C147D67A4AC3}.Release|Any CPU.ActiveCfg = Release|Any CPU
		{7334D07A-F457-474A-8161-C147D67A4AC3}.Release|Any CPU.Build.0 = Release|Any CPU
	EndGlobalSection
EndGlobal
